
Microsoft Visual Studio Solution File, Format Version 12.00
# Visual Studio 2013
VisualStudioVersion = 12.0.30501.0
MinimumVisualStudioVersion = 10.0.40219.1
Project("{FAE04EC0-301F-11D3-BF4B-00C04F79EFBC}") = "TrainingRooms.Model", "TrainingRooms.Model\TrainingRooms.Model.csproj", "{620DA39B-98FF-47C4-B17E-6A6FBAE98D31}"
EndProject
Project("{FAE04EC0-301F-11D3-BF4B-00C04F79EFBC}") = "TrainingRooms.Tests", "TrainingRooms.Tests\TrainingRooms.Tests.csproj", "{0BC8C656-0E0A-408C-B9B6-49E1EEEF8805}"
EndProject
Project("{FAE04EC0-301F-11D3-BF4B-00C04F79EFBC}") = "TrainingRooms.Admin", "TrainingRooms.Admin\TrainingRooms.Admin.csproj", "{70B4C2B4-9949-4ADD-990E-1C07520BAF09}"
EndProject
Project("{FAE04EC0-301F-11D3-BF4B-00C04F79EFBC}") = "TrainingRooms.Logic", "TrainingRooms.Logic\TrainingRooms.Logic.csproj", "{7C581448-B2C1-4553-9114-76CA74C8C9B1}"
EndProject
Global
	GlobalSection(SolutionConfigurationPlatforms) = preSolution
		Debug|Any CPU = Debug|Any CPU
		Release|Any CPU = Release|Any CPU
	EndGlobalSection
	GlobalSection(ProjectConfigurationPlatforms) = postSolution
		{620DA39B-98FF-47C4-B17E-6A6FBAE98D31}.Debug|Any CPU.ActiveCfg = Debug|Any CPU
		{620DA39B-98FF-47C4-B17E-6A6FBAE98D31}.Debug|Any CPU.Build.0 = Debug|Any CPU
		{620DA39B-98FF-47C4-B17E-6A6FBAE98D31}.Release|Any CPU.ActiveCfg = Release|Any CPU
		{620DA39B-98FF-47C4-B17E-6A6FBAE98D31}.Release|Any CPU.Build.0 = Release|Any CPU
		{0BC8C656-0E0A-408C-B9B6-49E1EEEF8805}.Debug|Any CPU.ActiveCfg = Debug|Any CPU
		{0BC8C656-0E0A-408C-B9B6-49E1EEEF8805}.Debug|Any CPU.Build.0 = Debug|Any CPU
		{0BC8C656-0E0A-408C-B9B6-49E1EEEF8805}.Release|Any CPU.ActiveCfg = Release|Any CPU
		{0BC8C656-0E0A-408C-B9B6-49E1EEEF8805}.Release|Any CPU.Build.0 = Release|Any CPU
		{70B4C2B4-9949-4ADD-990E-1C07520BAF09}.Debug|Any CPU.ActiveCfg = Debug|Any CPU
		{70B4C2B4-9949-4ADD-990E-1C07520BAF09}.Debug|Any CPU.Build.0 = Debug|Any CPU
		{70B4C2B4-9949-4ADD-990E-1C07520BAF09}.Release|Any CPU.ActiveCfg = Release|Any CPU
		{70B4C2B4-9949-4ADD-990E-1C07520BAF09}.Release|Any CPU.Build.0 = Release|Any CPU
		{7C581448-B2C1-4553-9114-76CA74C8C9B1}.Debug|Any CPU.ActiveCfg = Debug|Any CPU
		{7C581448-B2C1-4553-9114-76CA74C8C9B1}.Debug|Any CPU.Build.0 = Debug|Any CPU
		{7C581448-B2C1-4553-9114-76CA74C8C9B1}.Release|Any CPU.ActiveCfg = Release|Any CPU
		{7C581448-B2C1-4553-9114-76CA74C8C9B1}.Release|Any CPU.Build.0 = Release|Any CPU
	EndGlobalSection
	GlobalSection(SolutionProperties) = preSolution
		HideSolutionNode = FALSE
	EndGlobalSection
EndGlobal
