
Microsoft Visual Studio Solution File, Format Version 12.00
# Visual Studio 2013
VisualStudioVersion = 12.0.30723.0
MinimumVisualStudioVersion = 10.0.40219.1
Project("{FAE04EC0-301F-11D3-BF4B-00C04F79EFBC}") = "TrainingRooms.Model", "TrainingRooms.Model\TrainingRooms.Model.csproj", "{620DA39B-98FF-47C4-B17E-6A6FBAE98D31}"
EndProject
Project("{FAE04EC0-301F-11D3-BF4B-00C04F79EFBC}") = "TrainingRooms.Tests", "TrainingRooms.Tests\TrainingRooms.Tests.csproj", "{0BC8C656-0E0A-408C-B9B6-49E1EEEF8805}"
EndProject
Project("{FAE04EC0-301F-11D3-BF4B-00C04F79EFBC}") = "TrainingRooms.Admin", "TrainingRooms.Admin\TrainingRooms.Admin.csproj", "{70B4C2B4-9949-4ADD-990E-1C07520BAF09}"
EndProject
Project("{FAE04EC0-301F-11D3-BF4B-00C04F79EFBC}") = "TrainingRooms.Logic", "TrainingRooms.Logic\TrainingRooms.Logic.csproj", "{7C581448-B2C1-4553-9114-76CA74C8C9B1}"
EndProject
Project("{FAE04EC0-301F-11D3-BF4B-00C04F79EFBC}") = "TrainingRooms.FakeDevice", "TrainingRooms.FakeDevice\TrainingRooms.FakeDevice.csproj", "{D0517197-F4DD-42FF-9214-D8FD785F79C7}"
EndProject
Project("{FAE04EC0-301F-11D3-BF4B-00C04F79EFBC}") = "TrainingRooms.Device.WinPhone", "TrainingRooms.Device\TrainingRooms.Device.WinPhone\TrainingRooms.Device.WinPhone.csproj", "{445FD75A-9EE7-4768-AC20-904226E4B24C}"
EndProject
Project("{FAE04EC0-301F-11D3-BF4B-00C04F79EFBC}") = "TrainingRooms.Device.iOS", "TrainingRooms.Device\TrainingRooms.Device.iOS\TrainingRooms.Device.iOS.csproj", "{C9F51BE8-6DDA-4AE1-ADC6-86038C6DFEAE}"
EndProject
Project("{FAE04EC0-301F-11D3-BF4B-00C04F79EFBC}") = "TrainingRooms.Device.Android", "TrainingRooms.Device\TrainingRooms.Device.Android\TrainingRooms.Device.Android.csproj", "{69961000-238B-4530-B57F-365F8513DAF8}"
EndProject
Project("{D954291E-2A0B-460D-934E-DC6B0785DB48}") = "TrainingRooms.Device", "TrainingRooms.Device\TrainingRooms.Device\TrainingRooms.Device.shproj", "{DA5FD1AA-4BB5-4AAB-AA86-6509FEB5414F}"
EndProject
Global
	GlobalSection(SharedMSBuildProjectFiles) = preSolution
		TrainingRooms.Device\TrainingRooms.Device\TrainingRooms.Device.projitems*{da5fd1aa-4bb5-4aab-aa86-6509feb5414f}*SharedItemsImports = 13
		TrainingRooms.Device\TrainingRooms.Device\TrainingRooms.Device.projitems*{c9f51be8-6dda-4ae1-adc6-86038c6dfeae}*SharedItemsImports = 4
		TrainingRooms.Device\TrainingRooms.Device\TrainingRooms.Device.projitems*{445fd75a-9ee7-4768-ac20-904226e4b24c}*SharedItemsImports = 4
		TrainingRooms.Device\TrainingRooms.Device\TrainingRooms.Device.projitems*{69961000-238b-4530-b57f-365f8513daf8}*SharedItemsImports = 4
	EndGlobalSection
	GlobalSection(SolutionConfigurationPlatforms) = preSolution
		Ad-Hoc|Any CPU = Ad-Hoc|Any CPU
		Ad-Hoc|ARM = Ad-Hoc|ARM
		Ad-Hoc|iPhone = Ad-Hoc|iPhone
		Ad-Hoc|iPhoneSimulator = Ad-Hoc|iPhoneSimulator
		Ad-Hoc|Mixed Platforms = Ad-Hoc|Mixed Platforms
		Ad-Hoc|x86 = Ad-Hoc|x86
		AppStore|Any CPU = AppStore|Any CPU
		AppStore|ARM = AppStore|ARM
		AppStore|iPhone = AppStore|iPhone
		AppStore|iPhoneSimulator = AppStore|iPhoneSimulator
		AppStore|Mixed Platforms = AppStore|Mixed Platforms
		AppStore|x86 = AppStore|x86
		Debug|Any CPU = Debug|Any CPU
		Debug|ARM = Debug|ARM
		Debug|iPhone = Debug|iPhone
		Debug|iPhoneSimulator = Debug|iPhoneSimulator
		Debug|Mixed Platforms = Debug|Mixed Platforms
		Debug|x86 = Debug|x86
		Release|Any CPU = Release|Any CPU
		Release|ARM = Release|ARM
		Release|iPhone = Release|iPhone
		Release|iPhoneSimulator = Release|iPhoneSimulator
		Release|Mixed Platforms = Release|Mixed Platforms
		Release|x86 = Release|x86
	EndGlobalSection
	GlobalSection(ProjectConfigurationPlatforms) = postSolution
		{620DA39B-98FF-47C4-B17E-6A6FBAE98D31}.Ad-Hoc|Any CPU.ActiveCfg = Release|Any CPU
		{620DA39B-98FF-47C4-B17E-6A6FBAE98D31}.Ad-Hoc|Any CPU.Build.0 = Release|Any CPU
		{620DA39B-98FF-47C4-B17E-6A6FBAE98D31}.Ad-Hoc|ARM.ActiveCfg = Release|Any CPU
		{620DA39B-98FF-47C4-B17E-6A6FBAE98D31}.Ad-Hoc|iPhone.ActiveCfg = Release|Any CPU
		{620DA39B-98FF-47C4-B17E-6A6FBAE98D31}.Ad-Hoc|iPhoneSimulator.ActiveCfg = Release|Any CPU
		{620DA39B-98FF-47C4-B17E-6A6FBAE98D31}.Ad-Hoc|Mixed Platforms.ActiveCfg = Release|Any CPU
		{620DA39B-98FF-47C4-B17E-6A6FBAE98D31}.Ad-Hoc|Mixed Platforms.Build.0 = Release|Any CPU
		{620DA39B-98FF-47C4-B17E-6A6FBAE98D31}.Ad-Hoc|x86.ActiveCfg = Release|Any CPU
		{620DA39B-98FF-47C4-B17E-6A6FBAE98D31}.AppStore|Any CPU.ActiveCfg = Release|Any CPU
		{620DA39B-98FF-47C4-B17E-6A6FBAE98D31}.AppStore|Any CPU.Build.0 = Release|Any CPU
		{620DA39B-98FF-47C4-B17E-6A6FBAE98D31}.AppStore|ARM.ActiveCfg = Release|Any CPU
		{620DA39B-98FF-47C4-B17E-6A6FBAE98D31}.AppStore|iPhone.ActiveCfg = Release|Any CPU
		{620DA39B-98FF-47C4-B17E-6A6FBAE98D31}.AppStore|iPhoneSimulator.ActiveCfg = Release|Any CPU
		{620DA39B-98FF-47C4-B17E-6A6FBAE98D31}.AppStore|Mixed Platforms.ActiveCfg = Release|Any CPU
		{620DA39B-98FF-47C4-B17E-6A6FBAE98D31}.AppStore|Mixed Platforms.Build.0 = Release|Any CPU
		{620DA39B-98FF-47C4-B17E-6A6FBAE98D31}.AppStore|x86.ActiveCfg = Release|Any CPU
		{620DA39B-98FF-47C4-B17E-6A6FBAE98D31}.Debug|Any CPU.ActiveCfg = Debug|Any CPU
		{620DA39B-98FF-47C4-B17E-6A6FBAE98D31}.Debug|Any CPU.Build.0 = Debug|Any CPU
		{620DA39B-98FF-47C4-B17E-6A6FBAE98D31}.Debug|ARM.ActiveCfg = Debug|Any CPU
		{620DA39B-98FF-47C4-B17E-6A6FBAE98D31}.Debug|iPhone.ActiveCfg = Debug|Any CPU
		{620DA39B-98FF-47C4-B17E-6A6FBAE98D31}.Debug|iPhoneSimulator.ActiveCfg = Debug|Any CPU
		{620DA39B-98FF-47C4-B17E-6A6FBAE98D31}.Debug|Mixed Platforms.ActiveCfg = Debug|Any CPU
		{620DA39B-98FF-47C4-B17E-6A6FBAE98D31}.Debug|Mixed Platforms.Build.0 = Debug|Any CPU
		{620DA39B-98FF-47C4-B17E-6A6FBAE98D31}.Debug|x86.ActiveCfg = Debug|Any CPU
		{620DA39B-98FF-47C4-B17E-6A6FBAE98D31}.Release|Any CPU.ActiveCfg = Release|Any CPU
		{620DA39B-98FF-47C4-B17E-6A6FBAE98D31}.Release|Any CPU.Build.0 = Release|Any CPU
		{620DA39B-98FF-47C4-B17E-6A6FBAE98D31}.Release|ARM.ActiveCfg = Release|Any CPU
		{620DA39B-98FF-47C4-B17E-6A6FBAE98D31}.Release|iPhone.ActiveCfg = Release|Any CPU
		{620DA39B-98FF-47C4-B17E-6A6FBAE98D31}.Release|iPhoneSimulator.ActiveCfg = Release|Any CPU
		{620DA39B-98FF-47C4-B17E-6A6FBAE98D31}.Release|Mixed Platforms.ActiveCfg = Release|Any CPU
		{620DA39B-98FF-47C4-B17E-6A6FBAE98D31}.Release|Mixed Platforms.Build.0 = Release|Any CPU
		{620DA39B-98FF-47C4-B17E-6A6FBAE98D31}.Release|x86.ActiveCfg = Release|Any CPU
		{0BC8C656-0E0A-408C-B9B6-49E1EEEF8805}.Ad-Hoc|Any CPU.ActiveCfg = Release|Any CPU
		{0BC8C656-0E0A-408C-B9B6-49E1EEEF8805}.Ad-Hoc|Any CPU.Build.0 = Release|Any CPU
		{0BC8C656-0E0A-408C-B9B6-49E1EEEF8805}.Ad-Hoc|ARM.ActiveCfg = Release|Any CPU
		{0BC8C656-0E0A-408C-B9B6-49E1EEEF8805}.Ad-Hoc|iPhone.ActiveCfg = Release|Any CPU
		{0BC8C656-0E0A-408C-B9B6-49E1EEEF8805}.Ad-Hoc|iPhoneSimulator.ActiveCfg = Release|Any CPU
		{0BC8C656-0E0A-408C-B9B6-49E1EEEF8805}.Ad-Hoc|Mixed Platforms.ActiveCfg = Release|Any CPU
		{0BC8C656-0E0A-408C-B9B6-49E1EEEF8805}.Ad-Hoc|Mixed Platforms.Build.0 = Release|Any CPU
		{0BC8C656-0E0A-408C-B9B6-49E1EEEF8805}.Ad-Hoc|x86.ActiveCfg = Release|Any CPU
		{0BC8C656-0E0A-408C-B9B6-49E1EEEF8805}.AppStore|Any CPU.ActiveCfg = Release|Any CPU
		{0BC8C656-0E0A-408C-B9B6-49E1EEEF8805}.AppStore|Any CPU.Build.0 = Release|Any CPU
		{0BC8C656-0E0A-408C-B9B6-49E1EEEF8805}.AppStore|ARM.ActiveCfg = Release|Any CPU
		{0BC8C656-0E0A-408C-B9B6-49E1EEEF8805}.AppStore|iPhone.ActiveCfg = Release|Any CPU
		{0BC8C656-0E0A-408C-B9B6-49E1EEEF8805}.AppStore|iPhoneSimulator.ActiveCfg = Release|Any CPU
		{0BC8C656-0E0A-408C-B9B6-49E1EEEF8805}.AppStore|Mixed Platforms.ActiveCfg = Release|Any CPU
		{0BC8C656-0E0A-408C-B9B6-49E1EEEF8805}.AppStore|Mixed Platforms.Build.0 = Release|Any CPU
		{0BC8C656-0E0A-408C-B9B6-49E1EEEF8805}.AppStore|x86.ActiveCfg = Release|Any CPU
		{0BC8C656-0E0A-408C-B9B6-49E1EEEF8805}.Debug|Any CPU.ActiveCfg = Debug|Any CPU
		{0BC8C656-0E0A-408C-B9B6-49E1EEEF8805}.Debug|Any CPU.Build.0 = Debug|Any CPU
		{0BC8C656-0E0A-408C-B9B6-49E1EEEF8805}.Debug|ARM.ActiveCfg = Debug|Any CPU
		{0BC8C656-0E0A-408C-B9B6-49E1EEEF8805}.Debug|iPhone.ActiveCfg = Debug|Any CPU
		{0BC8C656-0E0A-408C-B9B6-49E1EEEF8805}.Debug|iPhoneSimulator.ActiveCfg = Debug|Any CPU
		{0BC8C656-0E0A-408C-B9B6-49E1EEEF8805}.Debug|Mixed Platforms.ActiveCfg = Debug|Any CPU
		{0BC8C656-0E0A-408C-B9B6-49E1EEEF8805}.Debug|Mixed Platforms.Build.0 = Debug|Any CPU
		{0BC8C656-0E0A-408C-B9B6-49E1EEEF8805}.Debug|x86.ActiveCfg = Debug|Any CPU
		{0BC8C656-0E0A-408C-B9B6-49E1EEEF8805}.Release|Any CPU.ActiveCfg = Release|Any CPU
		{0BC8C656-0E0A-408C-B9B6-49E1EEEF8805}.Release|Any CPU.Build.0 = Release|Any CPU
		{0BC8C656-0E0A-408C-B9B6-49E1EEEF8805}.Release|ARM.ActiveCfg = Release|Any CPU
		{0BC8C656-0E0A-408C-B9B6-49E1EEEF8805}.Release|iPhone.ActiveCfg = Release|Any CPU
		{0BC8C656-0E0A-408C-B9B6-49E1EEEF8805}.Release|iPhoneSimulator.ActiveCfg = Release|Any CPU
		{0BC8C656-0E0A-408C-B9B6-49E1EEEF8805}.Release|Mixed Platforms.ActiveCfg = Release|Any CPU
		{0BC8C656-0E0A-408C-B9B6-49E1EEEF8805}.Release|Mixed Platforms.Build.0 = Release|Any CPU
		{0BC8C656-0E0A-408C-B9B6-49E1EEEF8805}.Release|x86.ActiveCfg = Release|Any CPU
		{70B4C2B4-9949-4ADD-990E-1C07520BAF09}.Ad-Hoc|Any CPU.ActiveCfg = Release|Any CPU
		{70B4C2B4-9949-4ADD-990E-1C07520BAF09}.Ad-Hoc|Any CPU.Build.0 = Release|Any CPU
		{70B4C2B4-9949-4ADD-990E-1C07520BAF09}.Ad-Hoc|ARM.ActiveCfg = Release|Any CPU
		{70B4C2B4-9949-4ADD-990E-1C07520BAF09}.Ad-Hoc|iPhone.ActiveCfg = Release|Any CPU
		{70B4C2B4-9949-4ADD-990E-1C07520BAF09}.Ad-Hoc|iPhoneSimulator.ActiveCfg = Release|Any CPU
		{70B4C2B4-9949-4ADD-990E-1C07520BAF09}.Ad-Hoc|Mixed Platforms.ActiveCfg = Release|Any CPU
		{70B4C2B4-9949-4ADD-990E-1C07520BAF09}.Ad-Hoc|Mixed Platforms.Build.0 = Release|Any CPU
		{70B4C2B4-9949-4ADD-990E-1C07520BAF09}.Ad-Hoc|x86.ActiveCfg = Release|Any CPU
		{70B4C2B4-9949-4ADD-990E-1C07520BAF09}.AppStore|Any CPU.ActiveCfg = Release|Any CPU
		{70B4C2B4-9949-4ADD-990E-1C07520BAF09}.AppStore|Any CPU.Build.0 = Release|Any CPU
		{70B4C2B4-9949-4ADD-990E-1C07520BAF09}.AppStore|ARM.ActiveCfg = Release|Any CPU
		{70B4C2B4-9949-4ADD-990E-1C07520BAF09}.AppStore|iPhone.ActiveCfg = Release|Any CPU
		{70B4C2B4-9949-4ADD-990E-1C07520BAF09}.AppStore|iPhoneSimulator.ActiveCfg = Release|Any CPU
		{70B4C2B4-9949-4ADD-990E-1C07520BAF09}.AppStore|Mixed Platforms.ActiveCfg = Release|Any CPU
		{70B4C2B4-9949-4ADD-990E-1C07520BAF09}.AppStore|Mixed Platforms.Build.0 = Release|Any CPU
		{70B4C2B4-9949-4ADD-990E-1C07520BAF09}.AppStore|x86.ActiveCfg = Release|Any CPU
		{70B4C2B4-9949-4ADD-990E-1C07520BAF09}.Debug|Any CPU.ActiveCfg = Debug|Any CPU
		{70B4C2B4-9949-4ADD-990E-1C07520BAF09}.Debug|Any CPU.Build.0 = Debug|Any CPU
		{70B4C2B4-9949-4ADD-990E-1C07520BAF09}.Debug|ARM.ActiveCfg = Debug|Any CPU
		{70B4C2B4-9949-4ADD-990E-1C07520BAF09}.Debug|iPhone.ActiveCfg = Debug|Any CPU
		{70B4C2B4-9949-4ADD-990E-1C07520BAF09}.Debug|iPhoneSimulator.ActiveCfg = Debug|Any CPU
		{70B4C2B4-9949-4ADD-990E-1C07520BAF09}.Debug|Mixed Platforms.ActiveCfg = Debug|Any CPU
		{70B4C2B4-9949-4ADD-990E-1C07520BAF09}.Debug|Mixed Platforms.Build.0 = Debug|Any CPU
		{70B4C2B4-9949-4ADD-990E-1C07520BAF09}.Debug|x86.ActiveCfg = Debug|Any CPU
		{70B4C2B4-9949-4ADD-990E-1C07520BAF09}.Release|Any CPU.ActiveCfg = Release|Any CPU
		{70B4C2B4-9949-4ADD-990E-1C07520BAF09}.Release|Any CPU.Build.0 = Release|Any CPU
		{70B4C2B4-9949-4ADD-990E-1C07520BAF09}.Release|ARM.ActiveCfg = Release|Any CPU
		{70B4C2B4-9949-4ADD-990E-1C07520BAF09}.Release|iPhone.ActiveCfg = Release|Any CPU
		{70B4C2B4-9949-4ADD-990E-1C07520BAF09}.Release|iPhoneSimulator.ActiveCfg = Release|Any CPU
		{70B4C2B4-9949-4ADD-990E-1C07520BAF09}.Release|Mixed Platforms.ActiveCfg = Release|Any CPU
		{70B4C2B4-9949-4ADD-990E-1C07520BAF09}.Release|Mixed Platforms.Build.0 = Release|Any CPU
		{70B4C2B4-9949-4ADD-990E-1C07520BAF09}.Release|x86.ActiveCfg = Release|Any CPU
		{7C581448-B2C1-4553-9114-76CA74C8C9B1}.Ad-Hoc|Any CPU.ActiveCfg = Release|Any CPU
		{7C581448-B2C1-4553-9114-76CA74C8C9B1}.Ad-Hoc|Any CPU.Build.0 = Release|Any CPU
		{7C581448-B2C1-4553-9114-76CA74C8C9B1}.Ad-Hoc|ARM.ActiveCfg = Release|Any CPU
		{7C581448-B2C1-4553-9114-76CA74C8C9B1}.Ad-Hoc|iPhone.ActiveCfg = Release|Any CPU
		{7C581448-B2C1-4553-9114-76CA74C8C9B1}.Ad-Hoc|iPhoneSimulator.ActiveCfg = Release|Any CPU
		{7C581448-B2C1-4553-9114-76CA74C8C9B1}.Ad-Hoc|Mixed Platforms.ActiveCfg = Release|Any CPU
		{7C581448-B2C1-4553-9114-76CA74C8C9B1}.Ad-Hoc|Mixed Platforms.Build.0 = Release|Any CPU
		{7C581448-B2C1-4553-9114-76CA74C8C9B1}.Ad-Hoc|x86.ActiveCfg = Release|Any CPU
		{7C581448-B2C1-4553-9114-76CA74C8C9B1}.AppStore|Any CPU.ActiveCfg = Release|Any CPU
		{7C581448-B2C1-4553-9114-76CA74C8C9B1}.AppStore|Any CPU.Build.0 = Release|Any CPU
		{7C581448-B2C1-4553-9114-76CA74C8C9B1}.AppStore|ARM.ActiveCfg = Release|Any CPU
		{7C581448-B2C1-4553-9114-76CA74C8C9B1}.AppStore|iPhone.ActiveCfg = Release|Any CPU
		{7C581448-B2C1-4553-9114-76CA74C8C9B1}.AppStore|iPhoneSimulator.ActiveCfg = Release|Any CPU
		{7C581448-B2C1-4553-9114-76CA74C8C9B1}.AppStore|Mixed Platforms.ActiveCfg = Release|Any CPU
		{7C581448-B2C1-4553-9114-76CA74C8C9B1}.AppStore|Mixed Platforms.Build.0 = Release|Any CPU
		{7C581448-B2C1-4553-9114-76CA74C8C9B1}.AppStore|x86.ActiveCfg = Release|Any CPU
		{7C581448-B2C1-4553-9114-76CA74C8C9B1}.Debug|Any CPU.ActiveCfg = Debug|Any CPU
		{7C581448-B2C1-4553-9114-76CA74C8C9B1}.Debug|Any CPU.Build.0 = Debug|Any CPU
		{7C581448-B2C1-4553-9114-76CA74C8C9B1}.Debug|ARM.ActiveCfg = Debug|Any CPU
		{7C581448-B2C1-4553-9114-76CA74C8C9B1}.Debug|iPhone.ActiveCfg = Debug|Any CPU
		{7C581448-B2C1-4553-9114-76CA74C8C9B1}.Debug|iPhoneSimulator.ActiveCfg = Debug|Any CPU
		{7C581448-B2C1-4553-9114-76CA74C8C9B1}.Debug|Mixed Platforms.ActiveCfg = Debug|Any CPU
		{7C581448-B2C1-4553-9114-76CA74C8C9B1}.Debug|Mixed Platforms.Build.0 = Debug|Any CPU
		{7C581448-B2C1-4553-9114-76CA74C8C9B1}.Debug|x86.ActiveCfg = Debug|Any CPU
		{7C581448-B2C1-4553-9114-76CA74C8C9B1}.Release|Any CPU.ActiveCfg = Release|Any CPU
		{7C581448-B2C1-4553-9114-76CA74C8C9B1}.Release|Any CPU.Build.0 = Release|Any CPU
		{7C581448-B2C1-4553-9114-76CA74C8C9B1}.Release|ARM.ActiveCfg = Release|Any CPU
		{7C581448-B2C1-4553-9114-76CA74C8C9B1}.Release|iPhone.ActiveCfg = Release|Any CPU
		{7C581448-B2C1-4553-9114-76CA74C8C9B1}.Release|iPhoneSimulator.ActiveCfg = Release|Any CPU
		{7C581448-B2C1-4553-9114-76CA74C8C9B1}.Release|Mixed Platforms.ActiveCfg = Release|Any CPU
		{7C581448-B2C1-4553-9114-76CA74C8C9B1}.Release|Mixed Platforms.Build.0 = Release|Any CPU
		{7C581448-B2C1-4553-9114-76CA74C8C9B1}.Release|x86.ActiveCfg = Release|Any CPU
		{D0517197-F4DD-42FF-9214-D8FD785F79C7}.Ad-Hoc|Any CPU.ActiveCfg = Release|Any CPU
		{D0517197-F4DD-42FF-9214-D8FD785F79C7}.Ad-Hoc|Any CPU.Build.0 = Release|Any CPU
		{D0517197-F4DD-42FF-9214-D8FD785F79C7}.Ad-Hoc|ARM.ActiveCfg = Release|Any CPU
		{D0517197-F4DD-42FF-9214-D8FD785F79C7}.Ad-Hoc|iPhone.ActiveCfg = Release|Any CPU
		{D0517197-F4DD-42FF-9214-D8FD785F79C7}.Ad-Hoc|iPhoneSimulator.ActiveCfg = Release|Any CPU
		{D0517197-F4DD-42FF-9214-D8FD785F79C7}.Ad-Hoc|Mixed Platforms.ActiveCfg = Release|Any CPU
		{D0517197-F4DD-42FF-9214-D8FD785F79C7}.Ad-Hoc|Mixed Platforms.Build.0 = Release|Any CPU
		{D0517197-F4DD-42FF-9214-D8FD785F79C7}.Ad-Hoc|x86.ActiveCfg = Release|Any CPU
		{D0517197-F4DD-42FF-9214-D8FD785F79C7}.AppStore|Any CPU.ActiveCfg = Release|Any CPU
		{D0517197-F4DD-42FF-9214-D8FD785F79C7}.AppStore|Any CPU.Build.0 = Release|Any CPU
		{D0517197-F4DD-42FF-9214-D8FD785F79C7}.AppStore|ARM.ActiveCfg = Release|Any CPU
		{D0517197-F4DD-42FF-9214-D8FD785F79C7}.AppStore|iPhone.ActiveCfg = Release|Any CPU
		{D0517197-F4DD-42FF-9214-D8FD785F79C7}.AppStore|iPhoneSimulator.ActiveCfg = Release|Any CPU
		{D0517197-F4DD-42FF-9214-D8FD785F79C7}.AppStore|Mixed Platforms.ActiveCfg = Release|Any CPU
		{D0517197-F4DD-42FF-9214-D8FD785F79C7}.AppStore|Mixed Platforms.Build.0 = Release|Any CPU
		{D0517197-F4DD-42FF-9214-D8FD785F79C7}.AppStore|x86.ActiveCfg = Release|Any CPU
		{D0517197-F4DD-42FF-9214-D8FD785F79C7}.Debug|Any CPU.ActiveCfg = Debug|Any CPU
		{D0517197-F4DD-42FF-9214-D8FD785F79C7}.Debug|Any CPU.Build.0 = Debug|Any CPU
		{D0517197-F4DD-42FF-9214-D8FD785F79C7}.Debug|ARM.ActiveCfg = Debug|Any CPU
		{D0517197-F4DD-42FF-9214-D8FD785F79C7}.Debug|iPhone.ActiveCfg = Debug|Any CPU
		{D0517197-F4DD-42FF-9214-D8FD785F79C7}.Debug|iPhoneSimulator.ActiveCfg = Debug|Any CPU
		{D0517197-F4DD-42FF-9214-D8FD785F79C7}.Debug|Mixed Platforms.ActiveCfg = Debug|Any CPU
		{D0517197-F4DD-42FF-9214-D8FD785F79C7}.Debug|Mixed Platforms.Build.0 = Debug|Any CPU
		{D0517197-F4DD-42FF-9214-D8FD785F79C7}.Debug|x86.ActiveCfg = Debug|Any CPU
		{D0517197-F4DD-42FF-9214-D8FD785F79C7}.Release|Any CPU.ActiveCfg = Release|Any CPU
		{D0517197-F4DD-42FF-9214-D8FD785F79C7}.Release|Any CPU.Build.0 = Release|Any CPU
		{D0517197-F4DD-42FF-9214-D8FD785F79C7}.Release|ARM.ActiveCfg = Release|Any CPU
		{D0517197-F4DD-42FF-9214-D8FD785F79C7}.Release|iPhone.ActiveCfg = Release|Any CPU
		{D0517197-F4DD-42FF-9214-D8FD785F79C7}.Release|iPhoneSimulator.ActiveCfg = Release|Any CPU
		{D0517197-F4DD-42FF-9214-D8FD785F79C7}.Release|Mixed Platforms.ActiveCfg = Release|Any CPU
		{D0517197-F4DD-42FF-9214-D8FD785F79C7}.Release|Mixed Platforms.Build.0 = Release|Any CPU
		{D0517197-F4DD-42FF-9214-D8FD785F79C7}.Release|x86.ActiveCfg = Release|Any CPU
		{445FD75A-9EE7-4768-AC20-904226E4B24C}.Ad-Hoc|Any CPU.ActiveCfg = Release|Any CPU
		{445FD75A-9EE7-4768-AC20-904226E4B24C}.Ad-Hoc|Any CPU.Build.0 = Release|Any CPU
		{445FD75A-9EE7-4768-AC20-904226E4B24C}.Ad-Hoc|Any CPU.Deploy.0 = Release|Any CPU
		{445FD75A-9EE7-4768-AC20-904226E4B24C}.Ad-Hoc|ARM.ActiveCfg = Release|ARM
		{445FD75A-9EE7-4768-AC20-904226E4B24C}.Ad-Hoc|ARM.Build.0 = Release|ARM
		{445FD75A-9EE7-4768-AC20-904226E4B24C}.Ad-Hoc|ARM.Deploy.0 = Release|ARM
		{445FD75A-9EE7-4768-AC20-904226E4B24C}.Ad-Hoc|iPhone.ActiveCfg = Release|Any CPU
		{445FD75A-9EE7-4768-AC20-904226E4B24C}.Ad-Hoc|iPhoneSimulator.ActiveCfg = Release|Any CPU
		{445FD75A-9EE7-4768-AC20-904226E4B24C}.Ad-Hoc|Mixed Platforms.ActiveCfg = Release|x86
		{445FD75A-9EE7-4768-AC20-904226E4B24C}.Ad-Hoc|Mixed Platforms.Build.0 = Release|x86
		{445FD75A-9EE7-4768-AC20-904226E4B24C}.Ad-Hoc|Mixed Platforms.Deploy.0 = Release|x86
		{445FD75A-9EE7-4768-AC20-904226E4B24C}.Ad-Hoc|x86.ActiveCfg = Release|x86
		{445FD75A-9EE7-4768-AC20-904226E4B24C}.Ad-Hoc|x86.Build.0 = Release|x86
		{445FD75A-9EE7-4768-AC20-904226E4B24C}.Ad-Hoc|x86.Deploy.0 = Release|x86
		{445FD75A-9EE7-4768-AC20-904226E4B24C}.AppStore|Any CPU.ActiveCfg = Release|Any CPU
		{445FD75A-9EE7-4768-AC20-904226E4B24C}.AppStore|Any CPU.Build.0 = Release|Any CPU
		{445FD75A-9EE7-4768-AC20-904226E4B24C}.AppStore|Any CPU.Deploy.0 = Release|Any CPU
		{445FD75A-9EE7-4768-AC20-904226E4B24C}.AppStore|ARM.ActiveCfg = Release|ARM
		{445FD75A-9EE7-4768-AC20-904226E4B24C}.AppStore|ARM.Build.0 = Release|ARM
		{445FD75A-9EE7-4768-AC20-904226E4B24C}.AppStore|ARM.Deploy.0 = Release|ARM
		{445FD75A-9EE7-4768-AC20-904226E4B24C}.AppStore|iPhone.ActiveCfg = Release|Any CPU
		{445FD75A-9EE7-4768-AC20-904226E4B24C}.AppStore|iPhoneSimulator.ActiveCfg = Release|Any CPU
		{445FD75A-9EE7-4768-AC20-904226E4B24C}.AppStore|Mixed Platforms.ActiveCfg = Release|x86
		{445FD75A-9EE7-4768-AC20-904226E4B24C}.AppStore|Mixed Platforms.Build.0 = Release|x86
		{445FD75A-9EE7-4768-AC20-904226E4B24C}.AppStore|Mixed Platforms.Deploy.0 = Release|x86
		{445FD75A-9EE7-4768-AC20-904226E4B24C}.AppStore|x86.ActiveCfg = Release|x86
		{445FD75A-9EE7-4768-AC20-904226E4B24C}.AppStore|x86.Build.0 = Release|x86
		{445FD75A-9EE7-4768-AC20-904226E4B24C}.AppStore|x86.Deploy.0 = Release|x86
		{445FD75A-9EE7-4768-AC20-904226E4B24C}.Debug|Any CPU.ActiveCfg = Debug|Any CPU
		{445FD75A-9EE7-4768-AC20-904226E4B24C}.Debug|Any CPU.Build.0 = Debug|Any CPU
		{445FD75A-9EE7-4768-AC20-904226E4B24C}.Debug|Any CPU.Deploy.0 = Debug|Any CPU
		{445FD75A-9EE7-4768-AC20-904226E4B24C}.Debug|ARM.ActiveCfg = Debug|ARM
		{445FD75A-9EE7-4768-AC20-904226E4B24C}.Debug|ARM.Build.0 = Debug|ARM
		{445FD75A-9EE7-4768-AC20-904226E4B24C}.Debug|ARM.Deploy.0 = Debug|ARM
		{445FD75A-9EE7-4768-AC20-904226E4B24C}.Debug|iPhone.ActiveCfg = Debug|Any CPU
		{445FD75A-9EE7-4768-AC20-904226E4B24C}.Debug|iPhoneSimulator.ActiveCfg = Debug|Any CPU
		{445FD75A-9EE7-4768-AC20-904226E4B24C}.Debug|Mixed Platforms.ActiveCfg = Debug|x86
		{445FD75A-9EE7-4768-AC20-904226E4B24C}.Debug|Mixed Platforms.Build.0 = Debug|x86
		{445FD75A-9EE7-4768-AC20-904226E4B24C}.Debug|Mixed Platforms.Deploy.0 = Debug|x86
		{445FD75A-9EE7-4768-AC20-904226E4B24C}.Debug|x86.ActiveCfg = Debug|x86
		{445FD75A-9EE7-4768-AC20-904226E4B24C}.Debug|x86.Build.0 = Debug|x86
		{445FD75A-9EE7-4768-AC20-904226E4B24C}.Debug|x86.Deploy.0 = Debug|x86
		{445FD75A-9EE7-4768-AC20-904226E4B24C}.Release|Any CPU.ActiveCfg = Release|Any CPU
		{445FD75A-9EE7-4768-AC20-904226E4B24C}.Release|Any CPU.Build.0 = Release|Any CPU
		{445FD75A-9EE7-4768-AC20-904226E4B24C}.Release|Any CPU.Deploy.0 = Release|Any CPU
		{445FD75A-9EE7-4768-AC20-904226E4B24C}.Release|ARM.ActiveCfg = Release|ARM
		{445FD75A-9EE7-4768-AC20-904226E4B24C}.Release|ARM.Build.0 = Release|ARM
		{445FD75A-9EE7-4768-AC20-904226E4B24C}.Release|ARM.Deploy.0 = Release|ARM
		{445FD75A-9EE7-4768-AC20-904226E4B24C}.Release|iPhone.ActiveCfg = Release|Any CPU
		{445FD75A-9EE7-4768-AC20-904226E4B24C}.Release|iPhoneSimulator.ActiveCfg = Release|Any CPU
		{445FD75A-9EE7-4768-AC20-904226E4B24C}.Release|Mixed Platforms.ActiveCfg = Release|x86
		{445FD75A-9EE7-4768-AC20-904226E4B24C}.Release|Mixed Platforms.Build.0 = Release|x86
		{445FD75A-9EE7-4768-AC20-904226E4B24C}.Release|Mixed Platforms.Deploy.0 = Release|x86
		{445FD75A-9EE7-4768-AC20-904226E4B24C}.Release|x86.ActiveCfg = Release|x86
		{445FD75A-9EE7-4768-AC20-904226E4B24C}.Release|x86.Build.0 = Release|x86
		{445FD75A-9EE7-4768-AC20-904226E4B24C}.Release|x86.Deploy.0 = Release|x86
		{C9F51BE8-6DDA-4AE1-ADC6-86038C6DFEAE}.Ad-Hoc|Any CPU.ActiveCfg = Ad-Hoc|iPhone
		{C9F51BE8-6DDA-4AE1-ADC6-86038C6DFEAE}.Ad-Hoc|ARM.ActiveCfg = Ad-Hoc|iPhone
		{C9F51BE8-6DDA-4AE1-ADC6-86038C6DFEAE}.Ad-Hoc|iPhone.ActiveCfg = Ad-Hoc|iPhone
		{C9F51BE8-6DDA-4AE1-ADC6-86038C6DFEAE}.Ad-Hoc|iPhone.Build.0 = Ad-Hoc|iPhone
		{C9F51BE8-6DDA-4AE1-ADC6-86038C6DFEAE}.Ad-Hoc|iPhone.Deploy.0 = Ad-Hoc|iPhone
		{C9F51BE8-6DDA-4AE1-ADC6-86038C6DFEAE}.Ad-Hoc|iPhoneSimulator.ActiveCfg = Ad-Hoc|iPhoneSimulator
		{C9F51BE8-6DDA-4AE1-ADC6-86038C6DFEAE}.Ad-Hoc|iPhoneSimulator.Build.0 = Ad-Hoc|iPhoneSimulator
		{C9F51BE8-6DDA-4AE1-ADC6-86038C6DFEAE}.Ad-Hoc|iPhoneSimulator.Deploy.0 = Ad-Hoc|iPhoneSimulator
		{C9F51BE8-6DDA-4AE1-ADC6-86038C6DFEAE}.Ad-Hoc|Mixed Platforms.ActiveCfg = Ad-Hoc|iPhone
		{C9F51BE8-6DDA-4AE1-ADC6-86038C6DFEAE}.Ad-Hoc|Mixed Platforms.Build.0 = Ad-Hoc|iPhone
		{C9F51BE8-6DDA-4AE1-ADC6-86038C6DFEAE}.Ad-Hoc|Mixed Platforms.Deploy.0 = Ad-Hoc|iPhone
		{C9F51BE8-6DDA-4AE1-ADC6-86038C6DFEAE}.Ad-Hoc|x86.ActiveCfg = Ad-Hoc|iPhone
		{C9F51BE8-6DDA-4AE1-ADC6-86038C6DFEAE}.AppStore|Any CPU.ActiveCfg = AppStore|iPhone
		{C9F51BE8-6DDA-4AE1-ADC6-86038C6DFEAE}.AppStore|ARM.ActiveCfg = AppStore|iPhone
		{C9F51BE8-6DDA-4AE1-ADC6-86038C6DFEAE}.AppStore|iPhone.ActiveCfg = AppStore|iPhone
		{C9F51BE8-6DDA-4AE1-ADC6-86038C6DFEAE}.AppStore|iPhone.Build.0 = AppStore|iPhone
		{C9F51BE8-6DDA-4AE1-ADC6-86038C6DFEAE}.AppStore|iPhone.Deploy.0 = AppStore|iPhone
		{C9F51BE8-6DDA-4AE1-ADC6-86038C6DFEAE}.AppStore|iPhoneSimulator.ActiveCfg = AppStore|iPhoneSimulator
		{C9F51BE8-6DDA-4AE1-ADC6-86038C6DFEAE}.AppStore|iPhoneSimulator.Build.0 = AppStore|iPhoneSimulator
		{C9F51BE8-6DDA-4AE1-ADC6-86038C6DFEAE}.AppStore|iPhoneSimulator.Deploy.0 = AppStore|iPhoneSimulator
		{C9F51BE8-6DDA-4AE1-ADC6-86038C6DFEAE}.AppStore|Mixed Platforms.ActiveCfg = AppStore|iPhone
		{C9F51BE8-6DDA-4AE1-ADC6-86038C6DFEAE}.AppStore|Mixed Platforms.Build.0 = AppStore|iPhone
		{C9F51BE8-6DDA-4AE1-ADC6-86038C6DFEAE}.AppStore|Mixed Platforms.Deploy.0 = AppStore|iPhone
		{C9F51BE8-6DDA-4AE1-ADC6-86038C6DFEAE}.AppStore|x86.ActiveCfg = AppStore|iPhone
		{C9F51BE8-6DDA-4AE1-ADC6-86038C6DFEAE}.Debug|Any CPU.ActiveCfg = Debug|iPhone
		{C9F51BE8-6DDA-4AE1-ADC6-86038C6DFEAE}.Debug|ARM.ActiveCfg = Debug|iPhone
		{C9F51BE8-6DDA-4AE1-ADC6-86038C6DFEAE}.Debug|iPhone.ActiveCfg = Debug|iPhone
		{C9F51BE8-6DDA-4AE1-ADC6-86038C6DFEAE}.Debug|iPhone.Build.0 = Debug|iPhone
		{C9F51BE8-6DDA-4AE1-ADC6-86038C6DFEAE}.Debug|iPhone.Deploy.0 = Debug|iPhone
		{C9F51BE8-6DDA-4AE1-ADC6-86038C6DFEAE}.Debug|iPhoneSimulator.ActiveCfg = Debug|iPhoneSimulator
		{C9F51BE8-6DDA-4AE1-ADC6-86038C6DFEAE}.Debug|iPhoneSimulator.Build.0 = Debug|iPhoneSimulator
		{C9F51BE8-6DDA-4AE1-ADC6-86038C6DFEAE}.Debug|iPhoneSimulator.Deploy.0 = Debug|iPhoneSimulator
		{C9F51BE8-6DDA-4AE1-ADC6-86038C6DFEAE}.Debug|Mixed Platforms.ActiveCfg = Debug|iPhone
		{C9F51BE8-6DDA-4AE1-ADC6-86038C6DFEAE}.Debug|Mixed Platforms.Build.0 = Debug|iPhone
		{C9F51BE8-6DDA-4AE1-ADC6-86038C6DFEAE}.Debug|Mixed Platforms.Deploy.0 = Debug|iPhone
		{C9F51BE8-6DDA-4AE1-ADC6-86038C6DFEAE}.Debug|x86.ActiveCfg = Debug|iPhone
		{C9F51BE8-6DDA-4AE1-ADC6-86038C6DFEAE}.Release|Any CPU.ActiveCfg = Release|iPhone
		{C9F51BE8-6DDA-4AE1-ADC6-86038C6DFEAE}.Release|ARM.ActiveCfg = Release|iPhone
		{C9F51BE8-6DDA-4AE1-ADC6-86038C6DFEAE}.Release|iPhone.ActiveCfg = Release|iPhone
		{C9F51BE8-6DDA-4AE1-ADC6-86038C6DFEAE}.Release|iPhone.Build.0 = Release|iPhone
		{C9F51BE8-6DDA-4AE1-ADC6-86038C6DFEAE}.Release|iPhone.Deploy.0 = Release|iPhone
		{C9F51BE8-6DDA-4AE1-ADC6-86038C6DFEAE}.Release|iPhoneSimulator.ActiveCfg = Release|iPhoneSimulator
		{C9F51BE8-6DDA-4AE1-ADC6-86038C6DFEAE}.Release|iPhoneSimulator.Build.0 = Release|iPhoneSimulator
		{C9F51BE8-6DDA-4AE1-ADC6-86038C6DFEAE}.Release|iPhoneSimulator.Deploy.0 = Release|iPhoneSimulator
		{C9F51BE8-6DDA-4AE1-ADC6-86038C6DFEAE}.Release|Mixed Platforms.ActiveCfg = Release|iPhone
		{C9F51BE8-6DDA-4AE1-ADC6-86038C6DFEAE}.Release|Mixed Platforms.Build.0 = Release|iPhone
		{C9F51BE8-6DDA-4AE1-ADC6-86038C6DFEAE}.Release|Mixed Platforms.Deploy.0 = Release|iPhone
		{C9F51BE8-6DDA-4AE1-ADC6-86038C6DFEAE}.Release|x86.ActiveCfg = Release|iPhone
		{69961000-238B-4530-B57F-365F8513DAF8}.Ad-Hoc|Any CPU.ActiveCfg = Release|Any CPU
		{69961000-238B-4530-B57F-365F8513DAF8}.Ad-Hoc|Any CPU.Build.0 = Release|Any CPU
		{69961000-238B-4530-B57F-365F8513DAF8}.Ad-Hoc|Any CPU.Deploy.0 = Release|Any CPU
		{69961000-238B-4530-B57F-365F8513DAF8}.Ad-Hoc|ARM.ActiveCfg = Release|Any CPU
		{69961000-238B-4530-B57F-365F8513DAF8}.Ad-Hoc|iPhone.ActiveCfg = Release|Any CPU
		{69961000-238B-4530-B57F-365F8513DAF8}.Ad-Hoc|iPhoneSimulator.ActiveCfg = Release|Any CPU
		{69961000-238B-4530-B57F-365F8513DAF8}.Ad-Hoc|Mixed Platforms.ActiveCfg = Release|Any CPU
		{69961000-238B-4530-B57F-365F8513DAF8}.Ad-Hoc|Mixed Platforms.Build.0 = Release|Any CPU
		{69961000-238B-4530-B57F-365F8513DAF8}.Ad-Hoc|Mixed Platforms.Deploy.0 = Release|Any CPU
		{69961000-238B-4530-B57F-365F8513DAF8}.Ad-Hoc|x86.ActiveCfg = Release|Any CPU
		{69961000-238B-4530-B57F-365F8513DAF8}.AppStore|Any CPU.ActiveCfg = Release|Any CPU
		{69961000-238B-4530-B57F-365F8513DAF8}.AppStore|Any CPU.Build.0 = Release|Any CPU
		{69961000-238B-4530-B57F-365F8513DAF8}.AppStore|Any CPU.Deploy.0 = Release|Any CPU
		{69961000-238B-4530-B57F-365F8513DAF8}.AppStore|ARM.ActiveCfg = Release|Any CPU
		{69961000-238B-4530-B57F-365F8513DAF8}.AppStore|iPhone.ActiveCfg = Release|Any CPU
		{69961000-238B-4530-B57F-365F8513DAF8}.AppStore|iPhoneSimulator.ActiveCfg = Release|Any CPU
		{69961000-238B-4530-B57F-365F8513DAF8}.AppStore|Mixed Platforms.ActiveCfg = Release|Any CPU
		{69961000-238B-4530-B57F-365F8513DAF8}.AppStore|Mixed Platforms.Build.0 = Release|Any CPU
		{69961000-238B-4530-B57F-365F8513DAF8}.AppStore|Mixed Platforms.Deploy.0 = Release|Any CPU
		{69961000-238B-4530-B57F-365F8513DAF8}.AppStore|x86.ActiveCfg = Release|Any CPU
		{69961000-238B-4530-B57F-365F8513DAF8}.Debug|Any CPU.ActiveCfg = Debug|Any CPU
		{69961000-238B-4530-B57F-365F8513DAF8}.Debug|Any CPU.Build.0 = Debug|Any CPU
		{69961000-238B-4530-B57F-365F8513DAF8}.Debug|Any CPU.Deploy.0 = Debug|Any CPU
		{69961000-238B-4530-B57F-365F8513DAF8}.Debug|ARM.ActiveCfg = Debug|Any CPU
		{69961000-238B-4530-B57F-365F8513DAF8}.Debug|iPhone.ActiveCfg = Debug|Any CPU
		{69961000-238B-4530-B57F-365F8513DAF8}.Debug|iPhoneSimulator.ActiveCfg = Debug|Any CPU
		{69961000-238B-4530-B57F-365F8513DAF8}.Debug|Mixed Platforms.ActiveCfg = Debug|Any CPU
		{69961000-238B-4530-B57F-365F8513DAF8}.Debug|Mixed Platforms.Build.0 = Debug|Any CPU
		{69961000-238B-4530-B57F-365F8513DAF8}.Debug|Mixed Platforms.Deploy.0 = Debug|Any CPU
		{69961000-238B-4530-B57F-365F8513DAF8}.Debug|x86.ActiveCfg = Debug|Any CPU
		{69961000-238B-4530-B57F-365F8513DAF8}.Release|Any CPU.ActiveCfg = Release|Any CPU
		{69961000-238B-4530-B57F-365F8513DAF8}.Release|Any CPU.Build.0 = Release|Any CPU
		{69961000-238B-4530-B57F-365F8513DAF8}.Release|Any CPU.Deploy.0 = Release|Any CPU
		{69961000-238B-4530-B57F-365F8513DAF8}.Release|ARM.ActiveCfg = Release|Any CPU
		{69961000-238B-4530-B57F-365F8513DAF8}.Release|iPhone.ActiveCfg = Release|Any CPU
		{69961000-238B-4530-B57F-365F8513DAF8}.Release|iPhoneSimulator.ActiveCfg = Release|Any CPU
		{69961000-238B-4530-B57F-365F8513DAF8}.Release|Mixed Platforms.ActiveCfg = Release|Any CPU
		{69961000-238B-4530-B57F-365F8513DAF8}.Release|Mixed Platforms.Build.0 = Release|Any CPU
		{69961000-238B-4530-B57F-365F8513DAF8}.Release|Mixed Platforms.Deploy.0 = Release|Any CPU
		{69961000-238B-4530-B57F-365F8513DAF8}.Release|x86.ActiveCfg = Release|Any CPU
	EndGlobalSection
	GlobalSection(SolutionProperties) = preSolution
		HideSolutionNode = FALSE
	EndGlobalSection
EndGlobal
